
Microsoft Visual Studio Solution File, Format Version 11.00
# Visual Studio 2010
Project("{FAE04EC0-301F-11D3-BF4B-00C04F79EFBC}") = "esp8266_nonos_hw_test", "esp8266_nonos_hw_test\esp8266_nonos_hw_test.csproj", "{AB0A0A65-8006-4F9D-8FF6-27857A6ECA00}"
EndProject
Global
	GlobalSection(SolutionConfigurationPlatforms) = preSolution
		Debug|x86 = Debug|x86
		Release|x86 = Release|x86
	EndGlobalSection
	GlobalSection(ProjectConfigurationPlatforms) = postSolution
		{AB0A0A65-8006-4F9D-8FF6-27857A6ECA00}.Debug|x86.ActiveCfg = Debug|x86
		{AB0A0A65-8006-4F9D-8FF6-27857A6ECA00}.Debug|x86.Build.0 = Debug|x86
		{AB0A0A65-8006-4F9D-8FF6-27857A6ECA00}.Release|x86.ActiveCfg = Release|x86
		{AB0A0A65-8006-4F9D-8FF6-27857A6ECA00}.Release|x86.Build.0 = Release|x86
	EndGlobalSection
	GlobalSection(SolutionProperties) = preSolution
		HideSolutionNode = FALSE
	EndGlobalSection
EndGlobal
